
Microsoft Visual Studio Solution File, Format Version 12.00
# Visual Studio Version 17
VisualStudioVersion = 17.3.32901.215
MinimumVisualStudioVersion = 10.0.40219.1
Project("{FAE04EC0-301F-11D3-BF4B-00C04F79EFBC}") = "VTYS_PROJECT", "VTYS_PROJECT\VTYS_PROJECT.csproj", "{1544EEFE-894C-4314-AE8D-39C8DF7A240C}"
EndProject
Global
	GlobalSection(SolutionConfigurationPlatforms) = preSolution
		Debug|Any CPU = Debug|Any CPU
		Release|Any CPU = Release|Any CPU
	EndGlobalSection
	GlobalSection(ProjectConfigurationPlatforms) = postSolution
		{1544EEFE-894C-4314-AE8D-39C8DF7A240C}.Debug|Any CPU.ActiveCfg = Debug|Any CPU
		{1544EEFE-894C-4314-AE8D-39C8DF7A240C}.Debug|Any CPU.Build.0 = Debug|Any CPU
		{1544EEFE-894C-4314-AE8D-39C8DF7A240C}.Release|Any CPU.ActiveCfg = Release|Any CPU
		{1544EEFE-894C-4314-AE8D-39C8DF7A240C}.Release|Any CPU.Build.0 = Release|Any CPU
	EndGlobalSection
	GlobalSection(SolutionProperties) = preSolution
		HideSolutionNode = FALSE
	EndGlobalSection
	GlobalSection(ExtensibilityGlobals) = postSolution
		SolutionGuid = {193893FD-F30D-492E-B2A7-A5D49606A8CB}
	EndGlobalSection
EndGlobal
